<?xml version="1.0" encoding="UTF-8" standalone="yes" ?>
<CodeBlocks_project_file>
	<FileVersion major="1" minor="6" />
	<Project>
		<Option title="WONSZ" />
		<Option pch_mode="2" />
		<Option compiler="gnu_gcc_compiler_x64" />
		<MakeCommands>
			<Build command="" />
			<CompileFile command="" />
			<Clean command="" />
			<DistClean command="" />
			<AskRebuildNeeded command="" />
			<SilentBuild command=" &gt; $(CMD_NULL)" />
		</MakeCommands>
		<Build>
			<Target title="Debug">
				<Option output="bin/Debug/WONSZ" prefix_auto="1" extension_auto="1" />
				<Option object_output="obj/Debug/" />
				<Option type="1" />
				<Option compiler="gnu_gcc_compiler_x64" />
				<Option use_console_runner="0" />
				<Linker>
					<Add library="sfml-audio-d" />
					<Add library="openal32" />
					<Add library="flac" />
					<Add library="vorbisenc" />
					<Add library="vorbisfile" />
					<Add library="vorbis" />
					<Add library="ogg" />
					<Add library="sfml-graphics-d" />
					<Add library="freetype" />
					<Add library="sfml-window-d" />
					<Add library="opengl32" />
					<Add library="gdi32" />
					<Add library="sfml-system-d" />
					<Add library="winmm" />
				</Linker>
			</Target>
			<Target title="Release">
				<Option output="bin/Release/WONSZ" prefix_auto="1" extension_auto="1" />
				<Option object_output="obj/Release/" />
				<Option type="0" />
				<Option compiler="gnu_gcc_compiler_x64" />
				<Linker>
					<Add library="sfml-audio" />
					<Add library="openal32" />
					<Add library="flac" />
					<Add library="vorbisenc" />
					<Add library="vorbisfile" />
					<Add library="vorbis" />
					<Add library="ogg" />
					<Add library="sfml-graphics" />
					<Add library="freetype" />
					<Add library="sfml-window" />
					<Add library="opengl32" />
					<Add library="gdi32" />
					<Add library="sfml-system" />
					<Add library="winmm" />
				</Linker>
			</Target>
		</Build>
		<Compiler>
			<Add directory="E:/PROGRAMOWANIE/biblioteki/include" />
		</Compiler>
		<Linker>
			<Add directory="E:/PROGRAMOWANIE/biblioteki/lib" />
			<Add directory="E:/PROGRAMOWANIE/biblioteki/bin" />
		</Linker>
		<Unit filename="main.cpp" />
		<Unit filename="resource.rc">
			<Option compilerVar="WINDRES" />
		</Unit>
		<Extensions>
			<code_completion />
			<envvars />
			<debugger />
			<lib_finder disable_auto="1" />
		</Extensions>
	</Project>
</CodeBlocks_project_file>
